
Microsoft Visual Studio Solution File, Format Version 12.00
# Visual Studio Version 17
VisualStudioVersion = 17.9.34728.123
MinimumVisualStudioVersion = 10.0.40219.1
Project("{FAE04EC0-301F-11D3-BF4B-00C04F79EFBC}") = "GliglockTest", "GliglockTest\GliglockTest.csproj", "{88E37CD9-AE37-4DB9-BE27-AB1259650621}"
EndProject
Global
	GlobalSection(SolutionConfigurationPlatforms) = preSolution
		Debug|Any CPU = Debug|Any CPU
		Release|Any CPU = Release|Any CPU
	EndGlobalSection
	GlobalSection(ProjectConfigurationPlatforms) = postSolution
		{88E37CD9-AE37-4DB9-BE27-AB1259650621}.Debug|Any CPU.ActiveCfg = Debug|Any CPU
		{88E37CD9-AE37-4DB9-BE27-AB1259650621}.Debug|Any CPU.Build.0 = Debug|Any CPU
		{88E37CD9-AE37-4DB9-BE27-AB1259650621}.Release|Any CPU.ActiveCfg = Release|Any CPU
		{88E37CD9-AE37-4DB9-BE27-AB1259650621}.Release|Any CPU.Build.0 = Release|Any CPU
	EndGlobalSection
	GlobalSection(SolutionProperties) = preSolution
		HideSolutionNode = FALSE
	EndGlobalSection
	GlobalSection(ExtensibilityGlobals) = postSolution
		SolutionGuid = {77AF5630-383C-48A0-A1AD-AD687E5CA7AB}
	EndGlobalSection
EndGlobal
